
Microsoft Visual Studio Solution File, Format Version 12.00
# Visual Studio Version 16
VisualStudioVersion = 16.0.31829.152
MinimumVisualStudioVersion = 10.0.40219.1
Project("{FAE04EC0-301F-11D3-BF4B-00C04F79EFBC}") = "TidUpWeb", "TidUpWeb\TidUpWeb.csproj", "{31096AB2-74EB-4AC4-8103-919C64C53D7C}"
EndProject
Global
	GlobalSection(SolutionConfigurationPlatforms) = preSolution
		Debug|Any CPU = Debug|Any CPU
		Release|Any CPU = Release|Any CPU
	EndGlobalSection
	GlobalSection(ProjectConfigurationPlatforms) = postSolution
		{31096AB2-74EB-4AC4-8103-919C64C53D7C}.Debug|Any CPU.ActiveCfg = Debug|Any CPU
		{31096AB2-74EB-4AC4-8103-919C64C53D7C}.Debug|Any CPU.Build.0 = Debug|Any CPU
		{31096AB2-74EB-4AC4-8103-919C64C53D7C}.Release|Any CPU.ActiveCfg = Release|Any CPU
		{31096AB2-74EB-4AC4-8103-919C64C53D7C}.Release|Any CPU.Build.0 = Release|Any CPU
	EndGlobalSection
	GlobalSection(SolutionProperties) = preSolution
		HideSolutionNode = FALSE
	EndGlobalSection
	GlobalSection(ExtensibilityGlobals) = postSolution
		SolutionGuid = {09C3D5EF-E5FC-416C-B1E1-D46C6F859F9D}
	EndGlobalSection
EndGlobal
